PODS:
  - Bolts (1.8.4):
    - Bolts/AppLinks (= 1.8.4)
    - Bolts/Tasks (= 1.8.4)
  - Bolts/AppLinks (1.8.4):
    - Bolts/Tasks
  - Bolts/Tasks (1.8.4)
  - FacebookCore (0.2.0):
    - Bolts (~> 1.8)
    - FBSDKCoreKit (~> 4.15)
  - FacebookLogin (0.2.0):
    - Bolts (~> 1.8)
    - FacebookCore (~> 0.2)
    - FBSDKCoreKit (~> 4.15)
    - FBSDKLoginKit (~> 4.15)
  - FacebookShare (0.2.0):
    - Bolts (~> 1.8)
    - FacebookCore (~> 0.2)
    - FBSDKCoreKit (~> 4.21)
    - FBSDKShareKit (~> 4.21)
  - FBSDKCoreKit (4.27.0):
    - Bolts (~> 1.7)
  - FBSDKLoginKit (4.27.0):
    - FBSDKCoreKit
  - FBSDKShareKit (4.27.0):
    - FBSDKCoreKit

DEPENDENCIES:
  - FacebookCore
  - FacebookLogin
  - FacebookShare (from `https://github.com/1amageek/facebook-sdk-swift`)

EXTERNAL SOURCES:
  FacebookShare:
    :git: https://github.com/1amageek/facebook-sdk-swift

CHECKOUT OPTIONS:
  FacebookShare:
    :commit: 3ac76c770e9849285c380f380309d866911d2e93
    :git: https://github.com/1amageek/facebook-sdk-swift

SPEC CHECKSUMS:
  Bolts: 8a7995239dbe724f9cba2248b766d48b7ebdd322
  FacebookCore: 2cb3f0fbff218e9d3119cec84bae983b232412de
  FacebookLogin: c9d606504735780a9e3002465a615512e0a691a5
  FacebookShare: d086f7a4610bbbca9cec5e774de450a9b3e1a20b
  FBSDKCoreKit: ebc6c5f5b3f0e72396041050e2266781a38ac587
  FBSDKLoginKit: 887be4b7452e1c5a3cc4485ce152529965a0c41e
  FBSDKShareKit: 4f83956d4ca2960730fe7588a168eb8d535c06dc

PODFILE CHECKSUM: 437c864267d51954dfa25a55677347ea8da3cd75

COCOAPODS: 1.3.1
